
Microsoft Visual Studio Solution File, Format Version 12.00
# Visual Studio Version 16
VisualStudioVersion = 16.0.810.8
MinimumVisualStudioVersion = 10.0.40219.1
Project("{FAE04EC0-301F-11D3-BF4B-00C04F79EFBC}") = "EasySocketPacket", "EasySocketPacket\EasySocketPacket.csproj", "{23DC531A-454C-453E-9157-442A8FE26ADF}"
EndProject
Global
	GlobalSection(SolutionConfigurationPlatforms) = preSolution
		Debug|Any CPU = Debug|Any CPU
		Release|Any CPU = Release|Any CPU
	EndGlobalSection
	GlobalSection(ProjectConfigurationPlatforms) = postSolution
		{23DC531A-454C-453E-9157-442A8FE26ADF}.Debug|Any CPU.ActiveCfg = Debug|Any CPU
		{23DC531A-454C-453E-9157-442A8FE26ADF}.Debug|Any CPU.Build.0 = Debug|Any CPU
		{23DC531A-454C-453E-9157-442A8FE26ADF}.Release|Any CPU.ActiveCfg = Release|Any CPU
		{23DC531A-454C-453E-9157-442A8FE26ADF}.Release|Any CPU.Build.0 = Release|Any CPU
	EndGlobalSection
	GlobalSection(SolutionProperties) = preSolution
		HideSolutionNode = FALSE
	EndGlobalSection
	GlobalSection(ExtensibilityGlobals) = postSolution
		SolutionGuid = {D6E1FC2A-ADF6-4C5B-82C2-C06E514595B0}
	EndGlobalSection
EndGlobal
